<?xml version="1.0" encoding="utf-8"?>
<Project ToolsVersion="4.0" xmlns="http://schemas.microsoft.com/developer/msbuild/2003">
  <ItemGroup>
    <ClCompile Include="CardProphecy.cpp" />
    <ClCompile Include="stdafx.cpp" />
  </ItemGroup>
  <ItemGroup>
    <ClInclude Include="CardProphecy.h" />
    <ClInclude Include="stdafx.h" />
    <ClInclude Include="resource.h" />
  </ItemGroup>
  <ItemGroup>
    <None Include="Prophecy.ico" />
    <None Include="ProphecyLarge.ico" />
  </ItemGroup>
  <ItemGroup>
    <ResourceCompile Include="Prophecy.rc" />
  </ItemGroup>
</Project>