<?xml version="1.0" encoding="utf-8"?>
<Project ToolsVersion="4.0" xmlns="http://schemas.microsoft.com/developer/msbuild/2003">
  <ItemGroup>
    <ClCompile Include="CardPortal.cpp" />
    <ClCompile Include="stdafx.cpp" />
  </ItemGroup>
  <ItemGroup>
    <ClInclude Include="CardPortal.h" />
    <ClInclude Include="stdafx.h" />
    <ClInclude Include="resource.h" />
  </ItemGroup>
  <ItemGroup>
    <None Include="Portal.ico" />
    <None Include="PortalLarge.ico" />
  </ItemGroup>
  <ItemGroup>
    <ResourceCompile Include="Portal.rc" />
  </ItemGroup>
</Project>