<?xml version="1.0" encoding="utf-8"?>
<Project ToolsVersion="4.0" xmlns="http://schemas.microsoft.com/developer/msbuild/2003">
  <ItemGroup>
    <ClCompile Include="CardFour.cpp" />
    <ClCompile Include="stdafx.cpp" />
  </ItemGroup>
  <ItemGroup>
    <ClInclude Include="CardFour.h" />
    <ClInclude Include="stdafx.h" />
    <ClInclude Include="resource.h" />
  </ItemGroup>
  <ItemGroup>
    <None Include="Four.ico" />
    <None Include="FourLarge.ico" />
  </ItemGroup>
  <ItemGroup>
    <ResourceCompile Include="Four.rc" />
  </ItemGroup>
</Project>