<?xml version="1.0" encoding="utf-8"?>
<Project ToolsVersion="4.0" xmlns="http://schemas.microsoft.com/developer/msbuild/2003">
  <ItemGroup>
    <ClCompile Include="CardFallenEmpires.cpp" />
    <ClCompile Include="stdafx.cpp" />
  </ItemGroup>
  <ItemGroup>
    <ClInclude Include="CardFallenEmpires.h" />
    <ClInclude Include="stdafx.h" />
    <ClInclude Include="resource.h" />
  </ItemGroup>
  <ItemGroup>
    <None Include="FallenEmpires.ico" />
    <None Include="FallenEmpiresLarge.ico" />
  </ItemGroup>
  <ItemGroup>
    <ResourceCompile Include="FallenEmpires.rc" />
  </ItemGroup>
</Project>